// !$*UTF8*$!
{
	archiveVersion = 1;
	classes = {
	};
	objectVersion = 46;
	objects = {

/* Begin PBXBuildFile section */
		93DB98901AD349CF007A1138 /* main.m in Sources */ = {isa = PBXBuildFile; fileRef = 93DB988F1AD349CF007A1138 /* main.m */; };
		93DB98931AD349CF007A1138 /* AppDelegate.m in Sources */ = {isa = PBXBuildFile; fileRef = 93DB98921AD349CF007A1138 /* AppDelegate.m */; };
		93DB98961AD349CF007A1138 /* MasterViewController.m in Sources */ = {isa = PBXBuildFile; fileRef = 93DB98951AD349CF007A1138 /* MasterViewController.m */; };
		93DB98991AD349CF007A1138 /* DetailViewController.m in Sources */ = {isa = PBXBuildFile; fileRef = 93DB98981AD349CF007A1138 /* DetailViewController.m */; };
		93DB989C1AD349CF007A1138 /* Main.storyboard in Resources */ = {isa = PBXBuildFile; fileRef = 93DB989A1AD349CF007A1138 /* Main.storyboard */; };
		93DB989E1AD349CF007A1138 /* Images.xcassets in Resources */ = {isa = PBXBuildFile; fileRef = 93DB989D1AD349CF007A1138 /* Images.xcassets */; };
		93DB98A11AD349CF007A1138 /* LaunchScreen.xib in Resources */ = {isa = PBXBuildFile; fileRef = 93DB989F1AD349CF007A1138 /* LaunchScreen.xib */; };
		93DB98AD1AD349CF007A1138 /* HelpMePlzTests.m in Sources */ = {isa = PBXBuildFile; fileRef = 93DB98AC1AD349CF007A1138 /* HelpMePlzTests.m */; };
		EBFE02D21AD38F8E005DF3FA /* CFNetwork.framework in Frameworks */ = {isa = PBXBuildFile; fileRef = EBFE02D11AD38F8E005DF3FA /* CFNetwork.framework */; };
		EBFE02D91AD38FB9005DF3FA /* Bolts.framework in Frameworks */ = {isa = PBXBuildFile; fileRef = EBFE02D31AD38FB9005DF3FA /* Bolts.framework */; };
		EBFE02DA1AD38FB9005DF3FA /* Parse.framework in Frameworks */ = {isa = PBXBuildFile; fileRef = EBFE02D41AD38FB9005DF3FA /* Parse.framework */; };
		EBFE02DB1AD38FB9005DF3FA /* ParseCrashReporting.framework in Frameworks */ = {isa = PBXBuildFile; fileRef = EBFE02D51AD38FB9005DF3FA /* ParseCrashReporting.framework */; };
		EBFE02DC1AD38FB9005DF3FA /* ParseFacebookUtils.framework in Frameworks */ = {isa = PBXBuildFile; fileRef = EBFE02D61AD38FB9005DF3FA /* ParseFacebookUtils.framework */; };
		EBFE02DD1AD38FB9005DF3FA /* ParseFacebookUtilsV4.framework in Frameworks */ = {isa = PBXBuildFile; fileRef = EBFE02D71AD38FB9005DF3FA /* ParseFacebookUtilsV4.framework */; };
		EBFE02DE1AD38FB9005DF3FA /* ParseUI.framework in Frameworks */ = {isa = PBXBuildFile; fileRef = EBFE02D81AD38FB9005DF3FA /* ParseUI.framework */; };
		EBFE02E91AD39034005DF3FA /* Foundation.framework in Frameworks */ = {isa = PBXBuildFile; fileRef = EBFE02DF1AD39033005DF3FA /* Foundation.framework */; };
		EBFE02EA1AD39034005DF3FA /* libsqlite3.0.dylib in Frameworks */ = {isa = PBXBuildFile; fileRef = EBFE02E01AD39033005DF3FA /* libsqlite3.0.dylib */; };
		EBFE02EB1AD39034005DF3FA /* libz.1.1.3.dylib in Frameworks */ = {isa = PBXBuildFile; fileRef = EBFE02E11AD39033005DF3FA /* libz.1.1.3.dylib */; };
		EBFE02EC1AD39034005DF3FA /* MobileCoreServices.framework in Frameworks */ = {isa = PBXBuildFile; fileRef = EBFE02E21AD39033005DF3FA /* MobileCoreServices.framework */; };
		EBFE02ED1AD39034005DF3FA /* QuartzCore.framework in Frameworks */ = {isa = PBXBuildFile; fileRef = EBFE02E31AD39033005DF3FA /* QuartzCore.framework */; };
		EBFE02EE1AD39034005DF3FA /* Security.framework in Frameworks */ = {isa = PBXBuildFile; fileRef = EBFE02E41AD39033005DF3FA /* Security.framework */; };
		EBFE02EF1AD39034005DF3FA /* Social.framework in Frameworks */ = {isa = PBXBuildFile; fileRef = EBFE02E51AD39033005DF3FA /* Social.framework */; };
		EBFE02F01AD39034005DF3FA /* SystemConfiguration.framework in Frameworks */ = {isa = PBXBuildFile; fileRef = EBFE02E61AD39033005DF3FA /* SystemConfiguration.framework */; };
		EBFE02F11AD39034005DF3FA /* Twitter.framework in Frameworks */ = {isa = PBXBuildFile; fileRef = EBFE02E71AD39034005DF3FA /* Twitter.framework */; };
		EBFE02F21AD39034005DF3FA /* UIKit.framework in Frameworks */ = {isa = PBXBuildFile; fileRef = EBFE02E81AD39034005DF3FA /* UIKit.framework */; };
		EBFE02F61AD39322005DF3FA /* LoginViewController.m in Sources */ = {isa = PBXBuildFile; fileRef = EBFE02F51AD39322005DF3FA /* LoginViewController.m */; };
		EBFE02F81AD39931005DF3FA /* FacebookSDK.framework in Frameworks */ = {isa = PBXBuildFile; fileRef = EBFE02F71AD39931005DF3FA /* FacebookSDK.framework */; };
		EBFE02FB1AD39990005DF3FA /* AudioToolbox.framework in Frameworks */ = {isa = PBXBuildFile; fileRef = EBFE02F91AD39990005DF3FA /* AudioToolbox.framework */; };
		EBFE02FC1AD39990005DF3FA /* StoreKit.framework in Frameworks */ = {isa = PBXBuildFile; fileRef = EBFE02FA1AD39990005DF3FA /* StoreKit.framework */; };
		EBFE02FE1AD39B27005DF3FA /* year_of_monkey-75.png in Resources */ = {isa = PBXBuildFile; fileRef = EBFE02FD1AD39B27005DF3FA /* year_of_monkey-75.png */; };
/* End PBXBuildFile section */

/* Begin PBXContainerItemProxy section */
		93DB98A71AD349CF007A1138 /* PBXContainerItemProxy */ = {
			isa = PBXContainerItemProxy;
			containerPortal = 93DB98821AD349CF007A1138 /* Project object */;
			proxyType = 1;
			remoteGlobalIDString = 93DB98891AD349CF007A1138;
			remoteInfo = HelpMePlz;
		};
/* End PBXContainerItemProxy section */

/* Begin PBXFileReference section */
		93DB988A1AD349CF007A1138 /* HelpMePlz.app */ = {isa = PBXFileReference; explicitFileType = wrapper.application; includeInIndex = 0; path = HelpMePlz.app; sourceTree = BUILT_PRODUCTS_DIR; };
		93DB988E1AD349CF007A1138 /* Info.plist */ = {isa = PBXFileReference; lastKnownFileType = text.plist.xml; path = Info.plist; sourceTree = "<group>"; };
		93DB988F1AD349CF007A1138 /* main.m */ = {isa = PBXFileReference; lastKnownFileType = sourcecode.c.objc; path = main.m; sourceTree = "<group>"; };
		93DB98911AD349CF007A1138 /* AppDelegate.h */ = {isa = PBXFileReference; lastKnownFileType = sourcecode.c.h; path = AppDelegate.h; sourceTree = "<group>"; };
		93DB98921AD349CF007A1138 /* AppDelegate.m */ = {isa = PBXFileReference; lastKnownFileType = sourcecode.c.objc; path = AppDelegate.m; sourceTree = "<group>"; };
		93DB98941AD349CF007A1138 /* MasterViewController.h */ = {isa = PBXFileReference; lastKnownFileType = sourcecode.c.h; path = MasterViewController.h; sourceTree = "<group>"; };
		93DB98951AD349CF007A1138 /* MasterViewController.m */ = {isa = PBXFileReference; lastKnownFileType = sourcecode.c.objc; path = MasterViewController.m; sourceTree = "<group>"; };
		93DB98971AD349CF007A1138 /* DetailViewController.h */ = {isa = PBXFileReference; lastKnownFileType = sourcecode.c.h; path = DetailViewController.h; sourceTree = "<group>"; };
		93DB98981AD349CF007A1138 /* DetailViewController.m */ = {isa = PBXFileReference; lastKnownFileType = sourcecode.c.objc; path = DetailViewController.m; sourceTree = "<group>"; };
		93DB989B1AD349CF007A1138 /* Base */ = {isa = PBXFileReference; lastKnownFileType = file.storyboard; name = Base; path = Base.lproj/Main.storyboard; sourceTree = "<group>"; };
		93DB989D1AD349CF007A1138 /* Images.xcassets */ = {isa = PBXFileReference; lastKnownFileType = folder.assetcatalog; path = Images.xcassets; sourceTree = "<group>"; };
		93DB98A01AD349CF007A1138 /* Base */ = {isa = PBXFileReference; lastKnownFileType = file.xib; name = Base; path = Base.lproj/LaunchScreen.xib; sourceTree = "<group>"; };
		93DB98A61AD349CF007A1138 /* HelpMePlzTests.xctest */ = {isa = PBXFileReference; explicitFileType = wrapper.cfbundle; includeInIndex = 0; path = HelpMePlzTests.xctest; sourceTree = BUILT_PRODUCTS_DIR; };
		93DB98AB1AD349CF007A1138 /* Info.plist */ = {isa = PBXFileReference; lastKnownFileType = text.plist.xml; path = Info.plist; sourceTree = "<group>"; };
		93DB98AC1AD349CF007A1138 /* HelpMePlzTests.m */ = {isa = PBXFileReference; lastKnownFileType = sourcecode.c.objc; path = HelpMePlzTests.m; sourceTree = "<group>"; };
		EBFE02D11AD38F8E005DF3FA /* CFNetwork.framework */ = {isa = PBXFileReference; lastKnownFileType = wrapper.framework; name = CFNetwork.framework; path = System/Library/Frameworks/CFNetwork.framework; sourceTree = SDKROOT; };
		EBFE02D31AD38FB9005DF3FA /* Bolts.framework */ = {isa = PBXFileReference; lastKnownFileType = wrapper.framework; name = Bolts.framework; path = "../../../../../../../Downloads/parse-library-1.7.1/Bolts.framework"; sourceTree = "<group>"; };
		EBFE02D41AD38FB9005DF3FA /* Parse.framework */ = {isa = PBXFileReference; lastKnownFileType = wrapper.framework; name = Parse.framework; path = "../../../../../../../Downloads/parse-library-1.7.1/Parse.framework"; sourceTree = "<group>"; };
		EBFE02D51AD38FB9005DF3FA /* ParseCrashReporting.framework */ = {isa = PBXFileReference; lastKnownFileType = wrapper.framework; name = ParseCrashReporting.framework; path = "../../../../../../../Downloads/parse-library-1.7.1/ParseCrashReporting.framework"; sourceTree = "<group>"; };
		EBFE02D61AD38FB9005DF3FA /* ParseFacebookUtils.framework */ = {isa = PBXFileReference; lastKnownFileType = wrapper.framework; name = ParseFacebookUtils.framework; path = "../../../../../../../Downloads/parse-library-1.7.1/ParseFacebookUtils.framework"; sourceTree = "<group>"; };
		EBFE02D71AD38FB9005DF3FA /* ParseFacebookUtilsV4.framework */ = {isa = PBXFileReference; lastKnownFileType = wrapper.framework; name = ParseFacebookUtilsV4.framework; path = "../../../../../../../Downloads/parse-library-1.7.1/ParseFacebookUtilsV4.framework"; sourceTree = "<group>"; };
		EBFE02D81AD38FB9005DF3FA /* ParseUI.framework */ = {isa = PBXFileReference; lastKnownFileType = wrapper.framework; name = ParseUI.framework; path = "../../../../../../../Downloads/parse-library-1.7.1/ParseUI.framework"; sourceTree = "<group>"; };
		EBFE02DF1AD39033005DF3FA /* Foundation.framework */ = {isa = PBXFileReference; lastKnownFileType = wrapper.framework; name = Foundation.framework; path = System/Library/Frameworks/Foundation.framework; sourceTree = SDKROOT; };
		EBFE02E01AD39033005DF3FA /* libsqlite3.0.dylib */ = {isa = PBXFileReference; lastKnownFileType = "compiled.mach-o.dylib"; name = libsqlite3.0.dylib; path = usr/lib/libsqlite3.0.dylib; sourceTree = SDKROOT; };
		EBFE02E11AD39033005DF3FA /* libz.1.1.3.dylib */ = {isa = PBXFileReference; lastKnownFileType = "compiled.mach-o.dylib"; name = libz.1.1.3.dylib; path = usr/lib/libz.1.1.3.dylib; sourceTree = SDKROOT; };
		EBFE02E21AD39033005DF3FA /* MobileCoreServices.framework */ = {isa = PBXFileReference; lastKnownFileType = wrapper.framework; name = MobileCoreServices.framework; path = System/Library/Frameworks/MobileCoreServices.framework; sourceTree = SDKROOT; };
		EBFE02E31AD39033005DF3FA /* QuartzCore.framework */ = {isa = PBXFileReference; lastKnownFileType = wrapper.framework; name = QuartzCore.framework; path = System/Library/Frameworks/QuartzCore.framework; sourceTree = SDKROOT; };
		EBFE02E41AD39033005DF3FA /* Security.framework */ = {isa = PBXFileReference; lastKnownFileType = wrapper.framework; name = Security.framework; path = System/Library/Frameworks/Security.framework; sourceTree = SDKROOT; };
		EBFE02E51AD39033005DF3FA /* Social.framework */ = {isa = PBXFileReference; lastKnownFileType = wrapper.framework; name = Social.framework; path = System/Library/Frameworks/Social.framework; sourceTree = SDKROOT; };
		EBFE02E61AD39033005DF3FA /* SystemConfiguration.framework */ = {isa = PBXFileReference; lastKnownFileType = wrapper.framework; name = SystemConfiguration.framework; path = System/Library/Frameworks/SystemConfiguration.framework; sourceTree = SDKROOT; };
		EBFE02E71AD39034005DF3FA /* Twitter.framework */ = {isa = PBXFileReference; lastKnownFileType = wrapper.framework; name = Twitter.framework; path = System/Library/Frameworks/Twitter.framework; sourceTree = SDKROOT; };
		EBFE02E81AD39034005DF3FA /* UIKit.framework */ = {isa = PBXFileReference; lastKnownFileType = wrapper.framework; name = UIKit.framework; path = System/Library/Frameworks/UIKit.framework; sourceTree = SDKROOT; };
		EBFE02F41AD39322005DF3FA /* LoginViewController.h */ = {isa = PBXFileReference; fileEncoding = 4; lastKnownFileType = sourcecode.c.h; path = LoginViewController.h; sourceTree = "<group>"; };
		EBFE02F51AD39322005DF3FA /* LoginViewController.m */ = {isa = PBXFileReference; fileEncoding = 4; lastKnownFileType = sourcecode.c.objc; path = LoginViewController.m; sourceTree = "<group>"; };
		EBFE02F71AD39931005DF3FA /* FacebookSDK.framework */ = {isa = PBXFileReference; lastKnownFileType = wrapper.framework; name = FacebookSDK.framework; path = "../../../../../../../Downloads/LoginAndSignUpTutorial-master/FacebookSDK.framework"; sourceTree = "<group>"; };
		EBFE02F91AD39990005DF3FA /* AudioToolbox.framework */ = {isa = PBXFileReference; lastKnownFileType = wrapper.framework; name = AudioToolbox.framework; path = System/Library/Frameworks/AudioToolbox.framework; sourceTree = SDKROOT; };
		EBFE02FA1AD39990005DF3FA /* StoreKit.framework */ = {isa = PBXFileReference; lastKnownFileType = wrapper.framework; name = StoreKit.framework; path = System/Library/Frameworks/StoreKit.framework; sourceTree = SDKROOT; };
		EBFE02FD1AD39B27005DF3FA /* year_of_monkey-75.png */ = {isa = PBXFileReference; lastKnownFileType = image.png; path = "year_of_monkey-75.png"; sourceTree = "<group>"; };
/* End PBXFileReference section */

/* Begin PBXFrameworksBuildPhase section */
		93DB98871AD349CF007A1138 /* Frameworks */ = {
			isa = PBXFrameworksBuildPhase;
			buildActionMask = 2147483647;
			files = (
				EBFE02FB1AD39990005DF3FA /* AudioToolbox.framework in Frameworks */,
				EBFE02FC1AD39990005DF3FA /* StoreKit.framework in Frameworks */,
				EBFE02E91AD39034005DF3FA /* Foundation.framework in Frameworks */,
				EBFE02EA1AD39034005DF3FA /* libsqlite3.0.dylib in Frameworks */,
				EBFE02EB1AD39034005DF3FA /* libz.1.1.3.dylib in Frameworks */,
				EBFE02EC1AD39034005DF3FA /* MobileCoreServices.framework in Frameworks */,
				EBFE02ED1AD39034005DF3FA /* QuartzCore.framework in Frameworks */,
				EBFE02F81AD39931005DF3FA /* FacebookSDK.framework in Frameworks */,
				EBFE02EE1AD39034005DF3FA /* Security.framework in Frameworks */,
				EBFE02EF1AD39034005DF3FA /* Social.framework in Frameworks */,
				EBFE02F01AD39034005DF3FA /* SystemConfiguration.framework in Frameworks */,
				EBFE02F11AD39034005DF3FA /* Twitter.framework in Frameworks */,
				EBFE02F21AD39034005DF3FA /* UIKit.framework in Frameworks */,
				EBFE02D91AD38FB9005DF3FA /* Bolts.framework in Frameworks */,
				EBFE02DA1AD38FB9005DF3FA /* Parse.framework in Frameworks */,
				EBFE02DB1AD38FB9005DF3FA /* ParseCrashReporting.framework in Frameworks */,
				EBFE02DC1AD38FB9005DF3FA /* ParseFacebookUtils.framework in Frameworks */,
				EBFE02DD1AD38FB9005DF3FA /* ParseFacebookUtilsV4.framework in Frameworks */,
				EBFE02DE1AD38FB9005DF3FA /* ParseUI.framework in Frameworks */,
				EBFE02D21AD38F8E005DF3FA /* CFNetwork.framework in Frameworks */,
			);
			runOnlyForDeploymentPostprocessing = 0;
		};
		93DB98A31AD349CF007A1138 /* Frameworks */ = {
			isa = PBXFrameworksBuildPhase;
			buildActionMask = 2147483647;
			files = (
			);
			runOnlyForDeploymentPostprocessing = 0;
		};
/* End PBXFrameworksBuildPhase section */

/* Begin PBXGroup section */
		93DB98811AD349CF007A1138 = {
			isa = PBXGroup;
			children = (
				93DB988C1AD349CF007A1138 /* HelpMePlz */,
				EBFE02F31AD39042005DF3FA /* Frameworks */,
				93DB98A91AD349CF007A1138 /* HelpMePlzTests */,
				93DB988B1AD349CF007A1138 /* Products */,
			);
			sourceTree = "<group>";
		};
		93DB988B1AD349CF007A1138 /* Products */ = {
			isa = PBXGroup;
			children = (
				93DB988A1AD349CF007A1138 /* HelpMePlz.app */,
				93DB98A61AD349CF007A1138 /* HelpMePlzTests.xctest */,
			);
			name = Products;
			sourceTree = "<group>";
		};
		93DB988C1AD349CF007A1138 /* HelpMePlz */ = {
			isa = PBXGroup;
			children = (
				93DB98911AD349CF007A1138 /* AppDelegate.h */,
				93DB98921AD349CF007A1138 /* AppDelegate.m */,
				93DB98941AD349CF007A1138 /* MasterViewController.h */,
				93DB98951AD349CF007A1138 /* MasterViewController.m */,
				EBFE02F41AD39322005DF3FA /* LoginViewController.h */,
				EBFE02F51AD39322005DF3FA /* LoginViewController.m */,
				93DB98971AD349CF007A1138 /* DetailViewController.h */,
				93DB98981AD349CF007A1138 /* DetailViewController.m */,
				93DB989A1AD349CF007A1138 /* Main.storyboard */,
				93DB989D1AD349CF007A1138 /* Images.xcassets */,
				93DB989F1AD349CF007A1138 /* LaunchScreen.xib */,
				EBFE02FD1AD39B27005DF3FA /* year_of_monkey-75.png */,
				93DB988D1AD349CF007A1138 /* Supporting Files */,
			);
			path = HelpMePlz;
			sourceTree = "<group>";
		};
		93DB988D1AD349CF007A1138 /* Supporting Files */ = {
			isa = PBXGroup;
			children = (
				93DB988E1AD349CF007A1138 /* Info.plist */,
				93DB988F1AD349CF007A1138 /* main.m */,
			);
			name = "Supporting Files";
			sourceTree = "<group>";
		};
		93DB98A91AD349CF007A1138 /* HelpMePlzTests */ = {
			isa = PBXGroup;
			children = (
				93DB98AC1AD349CF007A1138 /* HelpMePlzTests.m */,
				93DB98AA1AD349CF007A1138 /* Supporting Files */,
			);
			path = HelpMePlzTests;
			sourceTree = "<group>";
		};
		93DB98AA1AD349CF007A1138 /* Supporting Files */ = {
			isa = PBXGroup;
			children = (
				93DB98AB1AD349CF007A1138 /* Info.plist */,
			);
			name = "Supporting Files";
			sourceTree = "<group>";
		};
		EBFE02F31AD39042005DF3FA /* Frameworks */ = {
			isa = PBXGroup;
			children = (
				EBFE02F91AD39990005DF3FA /* AudioToolbox.framework */,
				EBFE02FA1AD39990005DF3FA /* StoreKit.framework */,
				EBFE02F71AD39931005DF3FA /* FacebookSDK.framework */,
				EBFE02DF1AD39033005DF3FA /* Foundation.framework */,
				EBFE02E01AD39033005DF3FA /* libsqlite3.0.dylib */,
				EBFE02E11AD39033005DF3FA /* libz.1.1.3.dylib */,
				EBFE02E21AD39033005DF3FA /* MobileCoreServices.framework */,
				EBFE02E31AD39033005DF3FA /* QuartzCore.framework */,
				EBFE02E41AD39033005DF3FA /* Security.framework */,
				EBFE02E51AD39033005DF3FA /* Social.framework */,
				EBFE02E61AD39033005DF3FA /* SystemConfiguration.framework */,
				EBFE02E71AD39034005DF3FA /* Twitter.framework */,
				EBFE02E81AD39034005DF3FA /* UIKit.framework */,
				EBFE02D31AD38FB9005DF3FA /* Bolts.framework */,
				EBFE02D41AD38FB9005DF3FA /* Parse.framework */,
				EBFE02D51AD38FB9005DF3FA /* ParseCrashReporting.framework */,
				EBFE02D61AD38FB9005DF3FA /* ParseFacebookUtils.framework */,
				EBFE02D71AD38FB9005DF3FA /* ParseFacebookUtilsV4.framework */,
				EBFE02D81AD38FB9005DF3FA /* ParseUI.framework */,
				EBFE02D11AD38F8E005DF3FA /* CFNetwork.framework */,
			);
			name = Frameworks;
			sourceTree = "<group>";
		};
/* End PBXGroup section */

/* Begin PBXNativeTarget section */
		93DB98891AD349CF007A1138 /* HelpMePlz */ = {
			isa = PBXNativeTarget;
			buildConfigurationList = 93DB98B01AD349CF007A1138 /* Build configuration list for PBXNativeTarget "HelpMePlz" */;
			buildPhases = (
				93DB98861AD349CF007A1138 /* Sources */,
				93DB98871AD349CF007A1138 /* Frameworks */,
				93DB98881AD349CF007A1138 /* Resources */,
			);
			buildRules = (
			);
			dependencies = (
			);
			name = HelpMePlz;
			productName = HelpMePlz;
			productReference = 93DB988A1AD349CF007A1138 /* HelpMePlz.app */;
			productType = "com.apple.product-type.application";
		};
		93DB98A51AD349CF007A1138 /* HelpMePlzTests */ = {
			isa = PBXNativeTarget;
			buildConfigurationList = 93DB98B31AD349CF007A1138 /* Build configuration list for PBXNativeTarget "HelpMePlzTests" */;
			buildPhases = (
				93DB98A21AD349CF007A1138 /* Sources */,
				93DB98A31AD349CF007A1138 /* Frameworks */,
				93DB98A41AD349CF007A1138 /* Resources */,
			);
			buildRules = (
			);
			dependencies = (
				93DB98A81AD349CF007A1138 /* PBXTargetDependency */,
			);
			name = HelpMePlzTests;
			productName = HelpMePlzTests;
			productReference = 93DB98A61AD349CF007A1138 /* HelpMePlzTests.xctest */;
			productType = "com.apple.product-type.bundle.unit-test";
		};
/* End PBXNativeTarget section */

/* Begin PBXProject section */
		93DB98821AD349CF007A1138 /* Project object */ = {
			isa = PBXProject;
			attributes = {
				LastUpgradeCheck = 0620;
				ORGANIZATIONNAME = "Samia Al Rahmani";
				TargetAttributes = {
					93DB98891AD349CF007A1138 = {
						CreatedOnToolsVersion = 6.2;
					};
					93DB98A51AD349CF007A1138 = {
						CreatedOnToolsVersion = 6.2;
						TestTargetID = 93DB98891AD349CF007A1138;
					};
				};
			};
			buildConfigurationList = 93DB98851AD349CF007A1138 /* Build configuration list for PBXProject "HelpMePlz" */;
			compatibilityVersion = "Xcode 3.2";
			developmentRegion = English;
			hasScannedForEncodings = 0;
			knownRegions = (
				en,
				Base,
			);
			mainGroup = 93DB98811AD349CF007A1138;
			productRefGroup = 93DB988B1AD349CF007A1138 /* Products */;
			projectDirPath = "";
			projectRoot = "";
			targets = (
				93DB98891AD349CF007A1138 /* HelpMePlz */,
				93DB98A51AD349CF007A1138 /* HelpMePlzTests */,
			);
		};
/* End PBXProject section */

/* Begin PBXResourcesBuildPhase section */
		93DB98881AD349CF007A1138 /* Resources */ = {
			isa = PBXResourcesBuildPhase;
			buildActionMask = 2147483647;
			files = (
				EBFE02FE1AD39B27005DF3FA /* year_of_monkey-75.png in Resources */,
				93DB989C1AD349CF007A1138 /* Main.storyboard in Resources */,
				93DB98A11AD349CF007A1138 /* LaunchScreen.xib in Resources */,
				93DB989E1AD349CF007A1138 /* Images.xcassets in Resources */,
			);
			runOnlyForDeploymentPostprocessing = 0;
		};
		93DB98A41AD349CF007A1138 /* Resources */ = {
			isa = PBXResourcesBuildPhase;
			buildActionMask = 2147483647;
			files = (
			);
			runOnlyForDeploymentPostprocessing = 0;
		};
/* End PBXResourcesBuildPhase section */

/* Begin PBXSourcesBuildPhase section */
		93DB98861AD349CF007A1138 /* Sources */ = {
			isa = PBXSourcesBuildPhase;
			buildActionMask = 2147483647;
			files = (
				93DB98931AD349CF007A1138 /* AppDelegate.m in Sources */,
				93DB98961AD349CF007A1138 /* MasterViewController.m in Sources */,
				93DB98901AD349CF007A1138 /* main.m in Sources */,
				93DB98991AD349CF007A1138 /* DetailViewController.m in Sources */,
				EBFE02F61AD39322005DF3FA /* LoginViewController.m in Sources */,
			);
			runOnlyForDeploymentPostprocessing = 0;
		};
		93DB98A21AD349CF007A1138 /* Sources */ = {
			isa = PBXSourcesBuildPhase;
			buildActionMask = 2147483647;
			files = (
				93DB98AD1AD349CF007A1138 /* HelpMePlzTests.m in Sources */,
			);
			runOnlyForDeploymentPostprocessing = 0;
		};
/* End PBXSourcesBuildPhase section */

/* Begin PBXTargetDependency section */
		93DB98A81AD349CF007A1138 /* PBXTargetDependency */ = {
			isa = PBXTargetDependency;
			target = 93DB98891AD349CF007A1138 /* HelpMePlz */;
			targetProxy = 93DB98A71AD349CF007A1138 /* PBXContainerItemProxy */;
		};
/* End PBXTargetDependency section */

/* Begin PBXVariantGroup section */
		93DB989A1AD349CF007A1138 /* Main.storyboard */ = {
			isa = PBXVariantGroup;
			children = (
				93DB989B1AD349CF007A1138 /* Base */,
			);
			name = Main.storyboard;
			sourceTree = "<group>";
		};
		93DB989F1AD349CF007A1138 /* LaunchScreen.xib */ = {
			isa = PBXVariantGroup;
			children = (
				93DB98A01AD349CF007A1138 /* Base */,
			);
			name = LaunchScreen.xib;
			sourceTree = "<group>";
		};
/* End PBXVariantGroup section */

/* Begin XCBuildConfiguration section */
		93DB98AE1AD349CF007A1138 /* Debug */ = {
			isa = XCBuildConfiguration;
			buildSettings = {
				ALWAYS_SEARCH_USER_PATHS = NO;
				CLANG_CXX_LANGUAGE_STANDARD = "gnu++0x";
				CLANG_CXX_LIBRARY = "libc++";
				CLANG_ENABLE_MODULES = YES;
				CLANG_ENABLE_OBJC_ARC = YES;
				CLANG_WARN_BOOL_CONVERSION = YES;
				CLANG_WARN_CONSTANT_CONVERSION = YES;
				CLANG_WARN_DIRECT_OBJC_ISA_USAGE = YES_ERROR;
				CLANG_WARN_EMPTY_BODY = YES;
				CLANG_WARN_ENUM_CONVERSION = YES;
				CLANG_WARN_INT_CONVERSION = YES;
				CLANG_WARN_OBJC_ROOT_CLASS = YES_ERROR;
				CLANG_WARN_UNREACHABLE_CODE = YES;
				CLANG_WARN__DUPLICATE_METHOD_MATCH = YES;
				"CODE_SIGN_IDENTITY[sdk=iphoneos*]" = "iPhone Developer";
				COPY_PHASE_STRIP = NO;
				ENABLE_STRICT_OBJC_MSGSEND = YES;
				GCC_C_LANGUAGE_STANDARD = gnu99;
				GCC_DYNAMIC_NO_PIC = NO;
				GCC_OPTIMIZATION_LEVEL = 0;
				GCC_PREPROCESSOR_DEFINITIONS = (
					"DEBUG=1",
					"$(inherited)",
				);
				GCC_SYMBOLS_PRIVATE_EXTERN = NO;
				GCC_WARN_64_TO_32_BIT_CONVERSION = YES;
				GCC_WARN_ABOUT_RETURN_TYPE = YES_ERROR;
				GCC_WARN_UNDECLARED_SELECTOR = YES;
				GCC_WARN_UNINITIALIZED_AUTOS = YES_AGGRESSIVE;
				GCC_WARN_UNUSED_FUNCTION = YES;
				GCC_WARN_UNUSED_VARIABLE = YES;
				IPHONEOS_DEPLOYMENT_TARGET = 8.2;
				MTL_ENABLE_DEBUG_INFO = YES;
				ONLY_ACTIVE_ARCH = YES;
				SDKROOT = iphoneos;
			};
			name = Debug;
		};
		93DB98AF1AD349CF007A1138 /* Release */ = {
			isa = XCBuildConfiguration;
			buildSettings = {
				ALWAYS_SEARCH_USER_PATHS = NO;
				CLANG_CXX_LANGUAGE_STANDARD = "gnu++0x";
				CLANG_CXX_LIBRARY = "libc++";
				CLANG_ENABLE_MODULES = YES;
				CLANG_ENABLE_OBJC_ARC = YES;
				CLANG_WARN_BOOL_CONVERSION = YES;
				CLANG_WARN_CONSTANT_CONVERSION = YES;
				CLANG_WARN_DIRECT_OBJC_ISA_USAGE = YES_ERROR;
				CLANG_WARN_EMPTY_BODY = YES;
				CLANG_WARN_ENUM_CONVERSION = YES;
				CLANG_WARN_INT_CONVERSION = YES;
				CLANG_WARN_OBJC_ROOT_CLASS = YES_ERROR;
				CLANG_WARN_UNREACHABLE_CODE = YES;
				CLANG_WARN__DUPLICATE_METHOD_MATCH = YES;
				"CODE_SIGN_IDENTITY[sdk=iphoneos*]" = "iPhone Developer";
				COPY_PHASE_STRIP = NO;
				ENABLE_NS_ASSERTIONS = NO;
				ENABLE_STRICT_OBJC_MSGSEND = YES;
				GCC_C_LANGUAGE_STANDARD = gnu99;
				GCC_WARN_64_TO_32_BIT_CONVERSION = YES;
				GCC_WARN_ABOUT_RETURN_TYPE = YES_ERROR;
				GCC_WARN_UNDECLARED_SELECTOR = YES;
				GCC_WARN_UNINITIALIZED_AUTOS = YES_AGGRESSIVE;
				GCC_WARN_UNUSED_FUNCTION = YES;
				GCC_WARN_UNUSED_VARIABLE = YES;
				IPHONEOS_DEPLOYMENT_TARGET = 8.2;
				MTL_ENABLE_DEBUG_INFO = NO;
				SDKROOT = iphoneos;
				VALIDATE_PRODUCT = YES;
			};
			name = Release;
		};
		93DB98B11AD349CF007A1138 /* Debug */ = {
			isa = XCBuildConfiguration;
			buildSettings = {
				ASSETCATALOG_COMPILER_APPICON_NAME = AppIcon;
				FRAMEWORK_SEARCH_PATHS = (
					"$(inherited)",
					"/Users/shahin/Downloads/parse-library-1.7.1",
					"/Users/shahin/Downloads/LoginAndSignUpTutorial-master",
				);
				INFOPLIST_FILE = HelpMePlz/Info.plist;
				LD_RUNPATH_SEARCH_PATHS = "$(inherited) @executable_path/Frameworks";
				PRODUCT_NAME = "$(TARGET_NAME)";
			};
			name = Debug;
		};
		93DB98B21AD349CF007A1138 /* Release */ = {
			isa = XCBuildConfiguration;
			buildSettings = {
				ASSETCATALOG_COMPILER_APPICON_NAME = AppIcon;
				FRAMEWORK_SEARCH_PATHS = (
					"$(inherited)",
					"/Users/shahin/Downloads/parse-library-1.7.1",
					"/Users/shahin/Downloads/LoginAndSignUpTutorial-master",
				);
				INFOPLIST_FILE = HelpMePlz/Info.plist;
				LD_RUNPATH_SEARCH_PATHS = "$(inherited) @executable_path/Frameworks";
				PRODUCT_NAME = "$(TARGET_NAME)";
			};
			name = Release;
		};
		93DB98B41AD349CF007A1138 /* Debug */ = {
			isa = XCBuildConfiguration;
			buildSettings = {
				BUNDLE_LOADER = "$(TEST_HOST)";
				FRAMEWORK_SEARCH_PATHS = (
					"$(SDKROOT)/Developer/Library/Frameworks",
					"$(inherited)",
				);
				GCC_PREPROCESSOR_DEFINITIONS = (
					"DEBUG=1",
					"$(inherited)",
				);
				INFOPLIST_FILE = HelpMePlzTests/Info.plist;
				LD_RUNPATH_SEARCH_PATHS = "$(inherited) @executable_path/Frameworks @loader_path/Frameworks";
				PRODUCT_NAME = "$(TARGET_NAME)";
				TEST_HOST = "$(BUILT_PRODUCTS_DIR)/HelpMePlz.app/HelpMePlz";
			};
			name = Debug;
		};
		93DB98B51AD349CF007A1138 /* Release */ = {
			isa = XCBuildConfiguration;
			buildSettings = {
				BUNDLE_LOADER = "$(TEST_HOST)";
				FRAMEWORK_SEARCH_PATHS = (
					"$(SDKROOT)/Developer/Library/Frameworks",
					"$(inherited)",
				);
				INFOPLIST_FILE = HelpMePlzTests/Info.plist;
				LD_RUNPATH_SEARCH_PATHS = "$(inherited) @executable_path/Frameworks @loader_path/Frameworks";
				PRODUCT_NAME = "$(TARGET_NAME)";
				TEST_HOST = "$(BUILT_PRODUCTS_DIR)/HelpMePlz.app/HelpMePlz";
			};
			name = Release;
		};
/* End XCBuildConfiguration section */

/* Begin XCConfigurationList section */
		93DB98851AD349CF007A1138 /* Build configuration list for PBXProject "HelpMePlz" */ = {
			isa = XCConfigurationList;
			buildConfigurations = (
				93DB98AE1AD349CF007A1138 /* Debug */,
				93DB98AF1AD349CF007A1138 /* Release */,
			);
			defaultConfigurationIsVisible = 0;
			defaultConfigurationName = Release;
		};
		93DB98B01AD349CF007A1138 /* Build configuration list for PBXNativeTarget "HelpMePlz" */ = {
			isa = XCConfigurationList;
			buildConfigurations = (
				93DB98B11AD349CF007A1138 /* Debug */,
				93DB98B21AD349CF007A1138 /* Release */,
			);
			defaultConfigurationIsVisible = 0;
			defaultConfigurationName = Release;
		};
		93DB98B31AD349CF007A1138 /* Build configuration list for PBXNativeTarget "HelpMePlzTests" */ = {
			isa = XCConfigurationList;
			buildConfigurations = (
				93DB98B41AD349CF007A1138 /* Debug */,
				93DB98B51AD349CF007A1138 /* Release */,
			);
			defaultConfigurationIsVisible = 0;
			defaultConfigurationName = Release;
		};
/* End XCConfigurationList section */
	};
	rootObject = 93DB98821AD349CF007A1138 /* Project object */;
}
